
Microsoft Visual Studio Solution File, Format Version 12.00
# Visual Studio Version 17
VisualStudioVersion = 17.7.34221.43
MinimumVisualStudioVersion = 10.0.40219.1
Project("{9A19103F-16F7-4668-BE54-9A1E7A4F7556}") = "FINAL_EXAM_PROJECT", "FINAL_EXAM_PROJECT.csproj", "{DE3F9898-B947-4364-A3E6-7C249C2EB297}"
EndProject
Global
	GlobalSection(SolutionConfigurationPlatforms) = preSolution
		Debug|Any CPU = Debug|Any CPU
		Release|Any CPU = Release|Any CPU
	EndGlobalSection
	GlobalSection(ProjectConfigurationPlatforms) = postSolution
		{DE3F9898-B947-4364-A3E6-7C249C2EB297}.Debug|Any CPU.ActiveCfg = Debug|Any CPU
		{DE3F9898-B947-4364-A3E6-7C249C2EB297}.Debug|Any CPU.Build.0 = Debug|Any CPU
		{DE3F9898-B947-4364-A3E6-7C249C2EB297}.Release|Any CPU.ActiveCfg = Release|Any CPU
		{DE3F9898-B947-4364-A3E6-7C249C2EB297}.Release|Any CPU.Build.0 = Release|Any CPU
	EndGlobalSection
	GlobalSection(SolutionProperties) = preSolution
		HideSolutionNode = FALSE
	EndGlobalSection
	GlobalSection(ExtensibilityGlobals) = postSolution
		SolutionGuid = {0DF3026E-139E-4580-8F51-204609BF24AF}
	EndGlobalSection
EndGlobal
